
Microsoft Visual Studio Solution File, Format Version 12.00
# Visual Studio Version 17
VisualStudioVersion = 17.3.32929.385
MinimumVisualStudioVersion = 10.0.40219.1
Project("{9A19103F-16F7-4668-BE54-9A1E7A4F7556}") = "SITAzure.Common", "SITAzure.Common\SITAzure.Common.csproj", "{EF48CCAF-6B18-4D20-99CC-39B13C6465E5}"
EndProject
Project("{FAE04EC0-301F-11D3-BF4B-00C04F79EFBC}") = "SITAzure.DAL", "SITAzure.DAL\SITAzure.DAL.csproj", "{70853F5B-F6A7-47B5-9125-2C6BD5B22D20}"
EndProject
Project("{FAE04EC0-301F-11D3-BF4B-00C04F79EFBC}") = "SITAzure.DAO", "SITAzure.DAO\SITAzure.DAO.csproj", "{FB79DDC9-2D7E-4F8C-9463-045F821F099A}"
EndProject
Project("{FAE04EC0-301F-11D3-BF4B-00C04F79EFBC}") = "SITAzure.Interceptors", "SITAzure.Interceptors\SITAzure.Interceptors.csproj", "{7E42E1CB-99B6-4FDF-B971-8AD73B356D56}"
EndProject
Project("{FAE04EC0-301F-11D3-BF4B-00C04F79EFBC}") = "POC.SITAzure.Api", "POC.SITAzure.Api\POC.SITAzure.Api.csproj", "{B17615A6-D120-4B0A-ACE5-C2ABCA5AA612}"
EndProject
Global
	GlobalSection(SolutionConfigurationPlatforms) = preSolution
		Debug|Any CPU = Debug|Any CPU
		Release|Any CPU = Release|Any CPU
	EndGlobalSection
	GlobalSection(ProjectConfigurationPlatforms) = postSolution
		{EF48CCAF-6B18-4D20-99CC-39B13C6465E5}.Debug|Any CPU.ActiveCfg = Debug|Any CPU
		{EF48CCAF-6B18-4D20-99CC-39B13C6465E5}.Debug|Any CPU.Build.0 = Debug|Any CPU
		{EF48CCAF-6B18-4D20-99CC-39B13C6465E5}.Release|Any CPU.ActiveCfg = Release|Any CPU
		{EF48CCAF-6B18-4D20-99CC-39B13C6465E5}.Release|Any CPU.Build.0 = Release|Any CPU
		{70853F5B-F6A7-47B5-9125-2C6BD5B22D20}.Debug|Any CPU.ActiveCfg = Debug|Any CPU
		{70853F5B-F6A7-47B5-9125-2C6BD5B22D20}.Debug|Any CPU.Build.0 = Debug|Any CPU
		{70853F5B-F6A7-47B5-9125-2C6BD5B22D20}.Release|Any CPU.ActiveCfg = Release|Any CPU
		{70853F5B-F6A7-47B5-9125-2C6BD5B22D20}.Release|Any CPU.Build.0 = Release|Any CPU
		{FB79DDC9-2D7E-4F8C-9463-045F821F099A}.Debug|Any CPU.ActiveCfg = Debug|Any CPU
		{FB79DDC9-2D7E-4F8C-9463-045F821F099A}.Debug|Any CPU.Build.0 = Debug|Any CPU
		{FB79DDC9-2D7E-4F8C-9463-045F821F099A}.Release|Any CPU.ActiveCfg = Release|Any CPU
		{FB79DDC9-2D7E-4F8C-9463-045F821F099A}.Release|Any CPU.Build.0 = Release|Any CPU
		{7E42E1CB-99B6-4FDF-B971-8AD73B356D56}.Debug|Any CPU.ActiveCfg = Debug|Any CPU
		{7E42E1CB-99B6-4FDF-B971-8AD73B356D56}.Debug|Any CPU.Build.0 = Debug|Any CPU
		{7E42E1CB-99B6-4FDF-B971-8AD73B356D56}.Release|Any CPU.ActiveCfg = Release|Any CPU
		{7E42E1CB-99B6-4FDF-B971-8AD73B356D56}.Release|Any CPU.Build.0 = Release|Any CPU
		{B17615A6-D120-4B0A-ACE5-C2ABCA5AA612}.Debug|Any CPU.ActiveCfg = Debug|Any CPU
		{B17615A6-D120-4B0A-ACE5-C2ABCA5AA612}.Debug|Any CPU.Build.0 = Debug|Any CPU
		{B17615A6-D120-4B0A-ACE5-C2ABCA5AA612}.Release|Any CPU.ActiveCfg = Release|Any CPU
		{B17615A6-D120-4B0A-ACE5-C2ABCA5AA612}.Release|Any CPU.Build.0 = Release|Any CPU
	EndGlobalSection
	GlobalSection(SolutionProperties) = preSolution
		HideSolutionNode = FALSE
	EndGlobalSection
	GlobalSection(ExtensibilityGlobals) = postSolution
		SolutionGuid = {D70605D7-42F3-4F78-8C7B-9505390A489F}
	EndGlobalSection
EndGlobal
